
Microsoft Visual Studio Solution File, Format Version 12.00
# Visual Studio Version 17
VisualStudioVersion = 17.3.32901.215
MinimumVisualStudioVersion = 10.0.40219.1
Project("{FAE04EC0-301F-11D3-BF4B-00C04F79EFBC}") = "SbomSubmit", "SbomSubmit\SbomSubmit.csproj", "{DCDB41E2-BC9E-428B-A243-263C5E0AC6DF}"
EndProject
Global
	GlobalSection(SolutionConfigurationPlatforms) = preSolution
		Debug|Any CPU = Debug|Any CPU
		Release|Any CPU = Release|Any CPU
	EndGlobalSection
	GlobalSection(ProjectConfigurationPlatforms) = postSolution
		{DCDB41E2-BC9E-428B-A243-263C5E0AC6DF}.Debug|Any CPU.ActiveCfg = Debug|Any CPU
		{DCDB41E2-BC9E-428B-A243-263C5E0AC6DF}.Debug|Any CPU.Build.0 = Debug|Any CPU
		{DCDB41E2-BC9E-428B-A243-263C5E0AC6DF}.Release|Any CPU.ActiveCfg = Release|Any CPU
		{DCDB41E2-BC9E-428B-A243-263C5E0AC6DF}.Release|Any CPU.Build.0 = Release|Any CPU
	EndGlobalSection
	GlobalSection(SolutionProperties) = preSolution
		HideSolutionNode = FALSE
	EndGlobalSection
	GlobalSection(ExtensibilityGlobals) = postSolution
		SolutionGuid = {63FEE74F-0A08-4EA4-BD86-725D3361FFD0}
	EndGlobalSection
EndGlobal
